
Microsoft Visual Studio Solution File, Format Version 12.00
# Visual Studio 15
VisualStudioVersion = 15.0.28307.1000
MinimumVisualStudioVersion = 10.0.40219.1
Project("{FAE04EC0-301F-11D3-BF4B-00C04F79EFBC}") = "2D-Warmup", "2D-Warmup\2D-Warmup.csproj", "{D86C7526-5CA5-41C1-A9A0-108429950A83}"
EndProject
Global
	GlobalSection(SolutionConfigurationPlatforms) = preSolution
		Debug|x86 = Debug|x86
		Release|x86 = Release|x86
	EndGlobalSection
	GlobalSection(ProjectConfigurationPlatforms) = postSolution
		{D86C7526-5CA5-41C1-A9A0-108429950A83}.Debug|x86.ActiveCfg = Debug|x86
		{D86C7526-5CA5-41C1-A9A0-108429950A83}.Debug|x86.Build.0 = Debug|x86
		{D86C7526-5CA5-41C1-A9A0-108429950A83}.Release|x86.ActiveCfg = Release|x86
		{D86C7526-5CA5-41C1-A9A0-108429950A83}.Release|x86.Build.0 = Release|x86
	EndGlobalSection
	GlobalSection(SolutionProperties) = preSolution
		HideSolutionNode = FALSE
	EndGlobalSection
	GlobalSection(ExtensibilityGlobals) = postSolution
		SolutionGuid = {F8FF8C5E-A05E-4B58-8035-E98C90EE4BEF}
	EndGlobalSection
EndGlobal
